<?xml version="1.0" encoding="utf-8"?>
<Project ToolsVersion="4.0" xmlns="http://schemas.microsoft.com/developer/msbuild/2003">
  <ItemGroup>
    <Filter Include="Headers">
      <UniqueIdentifier>{d96fafce-4fcd-47ca-bbfa-bb8e2e137bb7}</UniqueIdentifier>
    </Filter>
    <Filter Include="Sources">
      <UniqueIdentifier>{c617df49-9118-4178-8603-493859d908dd}</UniqueIdentifier>
    </Filter>
    <Filter Include="Assets">
      <UniqueIdentifier>{c205fe7a-4878-422d-9f85-26ccfccb3784}</UniqueIdentifier>
    </Filter>
    <Filter Include="Assets\Shaders">
      <UniqueIdentifier>{dcdfb386-d494-4fb5-8f57-27d8442d6c92}</UniqueIdentifier>
    </Filter>
  </ItemGroup>
  <ItemGroup>
    <ClInclude Include="headers\Entity.h">
      <Filter>Headers</Filter>
    </ClInclude>
    <ClInclude Include="headers\EntityManager.h">
      <Filter>Headers</Filter>
    </ClInclude>
    <ClInclude Include="headers\Player.h">
      <Filter>Headers</Filter>
    </ClInclude>
    <ClInclude Include="headers\World.h">
      <Filter>Headers</Filter>
    </ClInclude>
    <ClInclude Include="headers\SpriteHelper.h">
      <Filter>Headers</Filter>
    </ClInclude>
    <ClInclude Include="Mine.h">
      <Filter>Headers</Filter>
    </ClInclude>
  </ItemGroup>
  <ItemGroup>
    <ClCompile Include="src\main.cpp">
      <Filter>Sources</Filter>
    </ClCompile>
    <ClCompile Include="src\entity.cpp">
      <Filter>Sources</Filter>
    </ClCompile>
    <ClCompile Include="src\entityManager.cpp">
      <Filter>Sources</Filter>
    </ClCompile>
    <ClCompile Include="src\world.cpp">
      <Filter>Sources</Filter>
    </ClCompile>
    <ClCompile Include="src\spriteHelper.cpp">
      <Filter>Sources</Filter>
    </ClCompile>
    <ClCompile Include="src\player.cpp">
      <Filter>Sources</Filter>
    </ClCompile>
  </ItemGroup>
  <ItemGroup>
    <Image Include="assets\minestorm_background.png">
      <Filter>Assets</Filter>
    </Image>
    <Image Include="assets\minestorm_forground.jpg">
      <Filter>Assets</Filter>
    </Image>
    <Image Include="assets\minestorm_forground.png">
      <Filter>Assets</Filter>
    </Image>
    <Image Include="assets\minestorm_sprite_atlas_mine_storm.png">
      <Filter>Assets</Filter>
    </Image>
    <Image Include="assets\Assets Mine Storm.jpg">
      <Filter>Assets</Filter>
    </Image>
  </ItemGroup>
  <ItemGroup>
    <None Include="Bloom.fs">
      <Filter>Assets\Shaders</Filter>
    </None>
  </ItemGroup>
</Project>