<?xml version="1.0" encoding="utf-8"?>
<Project ToolsVersion="4.0" xmlns="http://schemas.microsoft.com/developer/msbuild/2003">
  <ItemGroup>
    <Filter Include="Headers">
      <UniqueIdentifier>{d96fafce-4fcd-47ca-bbfa-bb8e2e137bb7}</UniqueIdentifier>
    </Filter>
    <Filter Include="Sources">
      <UniqueIdentifier>{c617df49-9118-4178-8603-493859d908dd}</UniqueIdentifier>
    </Filter>
    <Filter Include="Assets">
      <UniqueIdentifier>{c205fe7a-4878-422d-9f85-26ccfccb3784}</UniqueIdentifier>
    </Filter>
    <Filter Include="Assets\Shaders">
      <UniqueIdentifier>{dcdfb386-d494-4fb5-8f57-27d8442d6c92}</UniqueIdentifier>
    </Filter>
    <Filter Include="Headers\Entities">
      <UniqueIdentifier>{350db4c9-3526-4ebc-8e99-5856293688f5}</UniqueIdentifier>
    </Filter>
    <Filter Include="Sources\Entities">
      <UniqueIdentifier>{df4a34fa-51a7-4a3e-8fb1-e9caedc14d93}</UniqueIdentifier>
    </Filter>
    <Filter Include="Headers\Helpers">
      <UniqueIdentifier>{8fbfe5d1-b008-47b2-9015-4ae2a6c17ba9}</UniqueIdentifier>
    </Filter>
    <Filter Include="Headers\Gameplay">
      <UniqueIdentifier>{939826b3-247d-4086-8a89-ff6842869933}</UniqueIdentifier>
    </Filter>
    <Filter Include="Sources\Gameplay">
      <UniqueIdentifier>{3265c94e-d74a-4889-86b5-272f7bc44515}</UniqueIdentifier>
    </Filter>
    <Filter Include="Sources\Helpers">
      <UniqueIdentifier>{9e65b5e4-72f0-4f1d-90dd-0160cd833721}</UniqueIdentifier>
    </Filter>
    <Filter Include="Assets\Textures">
      <UniqueIdentifier>{d2cb3fa1-4fc0-460d-8693-011e1aebefe6}</UniqueIdentifier>
    </Filter>
  </ItemGroup>
  <ItemGroup>
    <ClInclude Include="headers\gameplay\EntityManager.h">
      <Filter>Headers\Gameplay</Filter>
    </ClInclude>
    <ClInclude Include="headers\gameplay\World.h">
      <Filter>Headers\Gameplay</Filter>
    </ClInclude>
    <ClInclude Include="headers\helpers\SpriteHelper.h">
      <Filter>Headers\Helpers</Filter>
    </ClInclude>
    <ClInclude Include="headers\entities\Entity.h">
      <Filter>Headers\Entities</Filter>
    </ClInclude>
    <ClInclude Include="headers\entities\Player.h">
      <Filter>Headers\Entities</Filter>
    </ClInclude>
    <ClInclude Include="headers\entities\Bullet.h">
      <Filter>Headers\Entities</Filter>
    </ClInclude>
    <ClInclude Include="headers\helpers\PolygonHelper.h">
      <Filter>Headers\Helpers</Filter>
    </ClInclude>
    <ClInclude Include="headers\helpers\Vector2Helper.h">
      <Filter>Headers\Helpers</Filter>
    </ClInclude>
  </ItemGroup>
  <ItemGroup>
    <ClCompile Include="src\main.cpp">
      <Filter>Sources</Filter>
    </ClCompile>
    <ClCompile Include="src\gameplay\entityManager.cpp">
      <Filter>Sources\Gameplay</Filter>
    </ClCompile>
    <ClCompile Include="src\gameplay\world.cpp">
      <Filter>Sources\Gameplay</Filter>
    </ClCompile>
    <ClCompile Include="src\helpers\spriteHelper.cpp">
      <Filter>Sources\Helpers</Filter>
    </ClCompile>
    <ClCompile Include="src\entities\entity.cpp">
      <Filter>Sources\Entities</Filter>
    </ClCompile>
    <ClCompile Include="src\entities\player.cpp">
      <Filter>Sources\Entities</Filter>
    </ClCompile>
    <ClCompile Include="src\entities\bullet.cpp">
      <Filter>Sources\Entities</Filter>
    </ClCompile>
    <ClCompile Include="src\helpers\polygonHelper.cpp">
      <Filter>Sources\Helpers</Filter>
    </ClCompile>
    <ClCompile Include="src\helpers\vector2Helper.cpp">
      <Filter>Sources\Helpers</Filter>
    </ClCompile>
  </ItemGroup>
  <ItemGroup>
    <Image Include="assets\Assets Mine Storm.jpg">
      <Filter>Assets\Textures</Filter>
    </Image>
    <Image Include="assets\minestorm_background.png">
      <Filter>Assets\Textures</Filter>
    </Image>
    <Image Include="assets\minestorm_forground.jpg">
      <Filter>Assets\Textures</Filter>
    </Image>
    <Image Include="assets\minestorm_forground.png">
      <Filter>Assets\Textures</Filter>
    </Image>
    <Image Include="assets\minestorm_sprite_atlas_mine_storm.png">
      <Filter>Assets\Textures</Filter>
    </Image>
    <Image Include="assets\collisionMap.png">
      <Filter>Assets\Textures</Filter>
    </Image>
  </ItemGroup>
  <ItemGroup>
    <None Include="assets\shaders\Bloom.fs">
      <Filter>Assets\Shaders</Filter>
    </None>
  </ItemGroup>
</Project>